
Microsoft Visual Studio Solution File, Format Version 12.00
# Visual Studio Version 17
VisualStudioVersion = 17.4.33213.308
MinimumVisualStudioVersion = 10.0.40219.1
Project("{9A19103F-16F7-4668-BE54-9A1E7A4F7556}") = "Hotel.Domain", "Hotel.Domain\Hotel.Domain.csproj", "{92018672-4A74-4ED6-B166-AAA32A3C8554}"
EndProject
Project("{9A19103F-16F7-4668-BE54-9A1E7A4F7556}") = "Hotel.Infrastructure", "Hotel.Infrastructure\Hotel.Infrastructure.csproj", "{CDE1D85F-6379-4F38-AADD-9F291846F235}"
EndProject
Project("{9A19103F-16F7-4668-BE54-9A1E7A4F7556}") = "Hotel.Infrastructure.Migrations", "Hotel.Infrastructure.Migrations\Hotel.Infrastructure.Migrations.csproj", "{56315622-2F78-4EEB-8571-F4C257B1E213}"
EndProject
Project("{9A19103F-16F7-4668-BE54-9A1E7A4F7556}") = "Hotel.Application", "Hotel.Application\Hotel.Application.csproj", "{9597F7B4-4B69-4F42-A059-B99F235A4722}"
EndProject
Project("{9A19103F-16F7-4668-BE54-9A1E7A4F7556}") = "Hotel.API", "Hotel.API\Hotel.API.csproj", "{F3BD2985-C5BF-4E30-A80A-246F0A4E6F50}"
EndProject
Global
	GlobalSection(SolutionConfigurationPlatforms) = preSolution
		Debug|Any CPU = Debug|Any CPU
		Release|Any CPU = Release|Any CPU
	EndGlobalSection
	GlobalSection(ProjectConfigurationPlatforms) = postSolution
		{92018672-4A74-4ED6-B166-AAA32A3C8554}.Debug|Any CPU.ActiveCfg = Debug|Any CPU
		{92018672-4A74-4ED6-B166-AAA32A3C8554}.Debug|Any CPU.Build.0 = Debug|Any CPU
		{92018672-4A74-4ED6-B166-AAA32A3C8554}.Release|Any CPU.ActiveCfg = Release|Any CPU
		{92018672-4A74-4ED6-B166-AAA32A3C8554}.Release|Any CPU.Build.0 = Release|Any CPU
		{CDE1D85F-6379-4F38-AADD-9F291846F235}.Debug|Any CPU.ActiveCfg = Debug|Any CPU
		{CDE1D85F-6379-4F38-AADD-9F291846F235}.Debug|Any CPU.Build.0 = Debug|Any CPU
		{CDE1D85F-6379-4F38-AADD-9F291846F235}.Release|Any CPU.ActiveCfg = Release|Any CPU
		{CDE1D85F-6379-4F38-AADD-9F291846F235}.Release|Any CPU.Build.0 = Release|Any CPU
		{56315622-2F78-4EEB-8571-F4C257B1E213}.Debug|Any CPU.ActiveCfg = Debug|Any CPU
		{56315622-2F78-4EEB-8571-F4C257B1E213}.Debug|Any CPU.Build.0 = Debug|Any CPU
		{56315622-2F78-4EEB-8571-F4C257B1E213}.Release|Any CPU.ActiveCfg = Release|Any CPU
		{56315622-2F78-4EEB-8571-F4C257B1E213}.Release|Any CPU.Build.0 = Release|Any CPU
		{9597F7B4-4B69-4F42-A059-B99F235A4722}.Debug|Any CPU.ActiveCfg = Debug|Any CPU
		{9597F7B4-4B69-4F42-A059-B99F235A4722}.Debug|Any CPU.Build.0 = Debug|Any CPU
		{9597F7B4-4B69-4F42-A059-B99F235A4722}.Release|Any CPU.ActiveCfg = Release|Any CPU
		{9597F7B4-4B69-4F42-A059-B99F235A4722}.Release|Any CPU.Build.0 = Release|Any CPU
		{F3BD2985-C5BF-4E30-A80A-246F0A4E6F50}.Debug|Any CPU.ActiveCfg = Debug|Any CPU
		{F3BD2985-C5BF-4E30-A80A-246F0A4E6F50}.Debug|Any CPU.Build.0 = Debug|Any CPU
		{F3BD2985-C5BF-4E30-A80A-246F0A4E6F50}.Release|Any CPU.ActiveCfg = Release|Any CPU
		{F3BD2985-C5BF-4E30-A80A-246F0A4E6F50}.Release|Any CPU.Build.0 = Release|Any CPU
	EndGlobalSection
	GlobalSection(SolutionProperties) = preSolution
		HideSolutionNode = FALSE
	EndGlobalSection
	GlobalSection(ExtensibilityGlobals) = postSolution
		SolutionGuid = {D10E77AB-FED8-447D-ADBC-242FFA414A73}
	EndGlobalSection
EndGlobal
